
Microsoft Visual Studio Solution File, Format Version 12.00
# Visual Studio 15
Project("{FAE04EC0-301F-11D3-BF4B-00C04F79EFBC}") = "Assembly-CSharp", "Assembly-CSharp.csproj", "{A6BB3CB3-91B0-DB81-5B34-FFAAA4163542}"
EndProject
Global
	GlobalSection(SolutionConfigurationPlatforms) = preSolution
		Debug|Any CPU = Debug|Any CPU
		Release|Any CPU = Release|Any CPU
	EndGlobalSection
	GlobalSection(ProjectConfigurationPlatforms) = postSolution
		{A6BB3CB3-91B0-DB81-5B34-FFAAA4163542}.Debug|Any CPU.ActiveCfg = Debug|Any CPU
		{A6BB3CB3-91B0-DB81-5B34-FFAAA4163542}.Debug|Any CPU.Build.0 = Debug|Any CPU
		{A6BB3CB3-91B0-DB81-5B34-FFAAA4163542}.Release|Any CPU.ActiveCfg = Release|Any CPU
		{A6BB3CB3-91B0-DB81-5B34-FFAAA4163542}.Release|Any CPU.Build.0 = Release|Any CPU
	EndGlobalSection
	GlobalSection(SolutionProperties) = preSolution
		HideSolutionNode = FALSE
	EndGlobalSection
EndGlobal
